// !$*UTF8*$!
{
	archiveVersion = 1;
	classes = {
	};
	objectVersion = 50;
	objects = {

/* Begin PBXBuildFile section */
		3136708F228A75F900C6E532 /* GTVideoViewController.m in Sources */ = {isa = PBXBuildFile; fileRef = 3136708E228A75F900C6E532 /* GTVideoViewController.m */; };
		31367092228A933400C6E532 /* GTRecommendViewController.m in Sources */ = {isa = PBXBuildFile; fileRef = 31367091228A933400C6E532 /* GTRecommendViewController.m */; };
		31367095228AB41A00C6E532 /* GTNormalTableViewCell.m in Sources */ = {isa = PBXBuildFile; fileRef = 31367094228AB41A00C6E532 /* GTNormalTableViewCell.m */; };
		31B34B8D22CB45DC00136903 /* GTListItem.m in Sources */ = {isa = PBXBuildFile; fileRef = 31B34B8C22CB45DC00136903 /* GTListItem.m */; };
		31BA5A76226E822D00EB3CAF /* WebKit.framework in Frameworks */ = {isa = PBXBuildFile; fileRef = 31BA5A75226E822D00EB3CAF /* WebKit.framework */; };
		31BA928622685B880024CF56 /* AppDelegate.m in Sources */ = {isa = PBXBuildFile; fileRef = 31BA928522685B880024CF56 /* AppDelegate.m */; };
		31BA928922685B880024CF56 /* GTNewsViewController.m in Sources */ = {isa = PBXBuildFile; fileRef = 31BA928822685B880024CF56 /* GTNewsViewController.m */; };
		31BA928E22685B890024CF56 /* Assets.xcassets in Resources */ = {isa = PBXBuildFile; fileRef = 31BA928D22685B890024CF56 /* Assets.xcassets */; };
		31BA929122685B890024CF56 /* LaunchScreen.storyboard in Resources */ = {isa = PBXBuildFile; fileRef = 31BA928F22685B890024CF56 /* LaunchScreen.storyboard */; };
		31BA929422685B890024CF56 /* main.m in Sources */ = {isa = PBXBuildFile; fileRef = 31BA929322685B890024CF56 /* main.m */; };
		31BA9368226DE0D60024CF56 /* magazineHtml in Resources */ = {isa = PBXBuildFile; fileRef = 31BA9367226DE0D60024CF56 /* magazineHtml */; };
		31BA936C226DE1E90024CF56 /* WKWebViewController.m in Sources */ = {isa = PBXBuildFile; fileRef = 31BA936A226DE1E90024CF56 /* WKWebViewController.m */; };
		31BA936D226DE1E90024CF56 /* WKWebViewController.xib in Resources */ = {isa = PBXBuildFile; fileRef = 31BA936B226DE1E90024CF56 /* WKWebViewController.xib */; };
		31C10D8C22C84D3C0074623D /* GTDetailViewController.m in Sources */ = {isa = PBXBuildFile; fileRef = 31C10D8B22C84D3C0074623D /* GTDetailViewController.m */; };
		31D5E85122C8ED270088C62F /* GTDeleteCellView.m in Sources */ = {isa = PBXBuildFile; fileRef = 31D5E85022C8ED270088C62F /* GTDeleteCellView.m */; };
		31D5E85822CA717D0088C62F /* GTListLoader.m in Sources */ = {isa = PBXBuildFile; fileRef = 31D5E85722CA717D0088C62F /* GTListLoader.m */; };
		43709FDBDEA200DE74ABE604 /* libPods-SimpleApp.a in Frameworks */ = {isa = PBXBuildFile; fileRef = 4562647228A15D4C471708D4 /* libPods-SimpleApp.a */; };
/* End PBXBuildFile section */

/* Begin PBXFileReference section */
		1098A1FF24CBDAC74774045C /* Pods-SimpleApp.debug.xcconfig */ = {isa = PBXFileReference; includeInIndex = 1; lastKnownFileType = text.xcconfig; name = "Pods-SimpleApp.debug.xcconfig"; path = "Pods/Target Support Files/Pods-SimpleApp/Pods-SimpleApp.debug.xcconfig"; sourceTree = "<group>"; };
		3136708D228A75F900C6E532 /* GTVideoViewController.h */ = {isa = PBXFileReference; lastKnownFileType = sourcecode.c.h; path = GTVideoViewController.h; sourceTree = "<group>"; };
		3136708E228A75F900C6E532 /* GTVideoViewController.m */ = {isa = PBXFileReference; lastKnownFileType = sourcecode.c.objc; path = GTVideoViewController.m; sourceTree = "<group>"; };
		31367090228A933400C6E532 /* GTRecommendViewController.h */ = {isa = PBXFileReference; lastKnownFileType = sourcecode.c.h; path = GTRecommendViewController.h; sourceTree = "<group>"; };
		31367091228A933400C6E532 /* GTRecommendViewController.m */ = {isa = PBXFileReference; lastKnownFileType = sourcecode.c.objc; path = GTRecommendViewController.m; sourceTree = "<group>"; };
		31367093228AB41A00C6E532 /* GTNormalTableViewCell.h */ = {isa = PBXFileReference; lastKnownFileType = sourcecode.c.h; path = GTNormalTableViewCell.h; sourceTree = "<group>"; };
		31367094228AB41A00C6E532 /* GTNormalTableViewCell.m */ = {isa = PBXFileReference; lastKnownFileType = sourcecode.c.objc; path = GTNormalTableViewCell.m; sourceTree = "<group>"; };
		31B34B8B22CB45DC00136903 /* GTListItem.h */ = {isa = PBXFileReference; lastKnownFileType = sourcecode.c.h; path = GTListItem.h; sourceTree = "<group>"; };
		31B34B8C22CB45DC00136903 /* GTListItem.m */ = {isa = PBXFileReference; lastKnownFileType = sourcecode.c.objc; path = GTListItem.m; sourceTree = "<group>"; };
		31BA5A75226E822D00EB3CAF /* WebKit.framework */ = {isa = PBXFileReference; lastKnownFileType = wrapper.framework; name = WebKit.framework; path = System/Library/Frameworks/WebKit.framework; sourceTree = SDKROOT; };
		31BA928122685B880024CF56 /* SimpleApp.app */ = {isa = PBXFileReference; explicitFileType = wrapper.application; includeInIndex = 0; path = SimpleApp.app; sourceTree = BUILT_PRODUCTS_DIR; };
		31BA928422685B880024CF56 /* AppDelegate.h */ = {isa = PBXFileReference; lastKnownFileType = sourcecode.c.h; path = AppDelegate.h; sourceTree = "<group>"; };
		31BA928522685B880024CF56 /* AppDelegate.m */ = {isa = PBXFileReference; lastKnownFileType = sourcecode.c.objc; path = AppDelegate.m; sourceTree = "<group>"; };
		31BA928722685B880024CF56 /* GTNewsViewController.h */ = {isa = PBXFileReference; lastKnownFileType = sourcecode.c.h; path = GTNewsViewController.h; sourceTree = "<group>"; };
		31BA928822685B880024CF56 /* GTNewsViewController.m */ = {isa = PBXFileReference; lastKnownFileType = sourcecode.c.objc; path = GTNewsViewController.m; sourceTree = "<group>"; };
		31BA928D22685B890024CF56 /* Assets.xcassets */ = {isa = PBXFileReference; lastKnownFileType = folder.assetcatalog; path = Assets.xcassets; sourceTree = "<group>"; };
		31BA929022685B890024CF56 /* Base */ = {isa = PBXFileReference; lastKnownFileType = file.storyboard; name = Base; path = Base.lproj/LaunchScreen.storyboard; sourceTree = "<group>"; };
		31BA929222685B890024CF56 /* Info.plist */ = {isa = PBXFileReference; lastKnownFileType = text.plist.xml; path = Info.plist; sourceTree = "<group>"; };
		31BA929322685B890024CF56 /* main.m */ = {isa = PBXFileReference; lastKnownFileType = sourcecode.c.objc; path = main.m; sourceTree = "<group>"; };
		31BA9367226DE0D60024CF56 /* magazineHtml */ = {isa = PBXFileReference; lastKnownFileType = folder; path = magazineHtml; sourceTree = "<group>"; };
		31BA9369226DE1E90024CF56 /* WKWebViewController.h */ = {isa = PBXFileReference; lastKnownFileType = sourcecode.c.h; path = WKWebViewController.h; sourceTree = "<group>"; };
		31BA936A226DE1E90024CF56 /* WKWebViewController.m */ = {isa = PBXFileReference; lastKnownFileType = sourcecode.c.objc; path = WKWebViewController.m; sourceTree = "<group>"; };
		31BA936B226DE1E90024CF56 /* WKWebViewController.xib */ = {isa = PBXFileReference; lastKnownFileType = file.xib; path = WKWebViewController.xib; sourceTree = "<group>"; };
		31C10D8A22C84D3C0074623D /* GTDetailViewController.h */ = {isa = PBXFileReference; lastKnownFileType = sourcecode.c.h; path = GTDetailViewController.h; sourceTree = "<group>"; };
		31C10D8B22C84D3C0074623D /* GTDetailViewController.m */ = {isa = PBXFileReference; lastKnownFileType = sourcecode.c.objc; path = GTDetailViewController.m; sourceTree = "<group>"; };
		31D5E84F22C8ED270088C62F /* GTDeleteCellView.h */ = {isa = PBXFileReference; lastKnownFileType = sourcecode.c.h; path = GTDeleteCellView.h; sourceTree = "<group>"; };
		31D5E85022C8ED270088C62F /* GTDeleteCellView.m */ = {isa = PBXFileReference; lastKnownFileType = sourcecode.c.objc; path = GTDeleteCellView.m; sourceTree = "<group>"; };
		31D5E85622CA717D0088C62F /* GTListLoader.h */ = {isa = PBXFileReference; lastKnownFileType = sourcecode.c.h; path = GTListLoader.h; sourceTree = "<group>"; };
		31D5E85722CA717D0088C62F /* GTListLoader.m */ = {isa = PBXFileReference; lastKnownFileType = sourcecode.c.objc; path = GTListLoader.m; sourceTree = "<group>"; };
		4562647228A15D4C471708D4 /* libPods-SimpleApp.a */ = {isa = PBXFileReference; explicitFileType = archive.ar; includeInIndex = 0; path = "libPods-SimpleApp.a"; sourceTree = BUILT_PRODUCTS_DIR; };
		F1FC25B8F8CD4CB7B3FC9837 /* Pods-SimpleApp.release.xcconfig */ = {isa = PBXFileReference; includeInIndex = 1; lastKnownFileType = text.xcconfig; name = "Pods-SimpleApp.release.xcconfig"; path = "Pods/Target Support Files/Pods-SimpleApp/Pods-SimpleApp.release.xcconfig"; sourceTree = "<group>"; };
/* End PBXFileReference section */

/* Begin PBXFrameworksBuildPhase section */
		31BA927E22685B880024CF56 /* Frameworks */ = {
			isa = PBXFrameworksBuildPhase;
			buildActionMask = 2147483647;
			files = (
				31BA5A76226E822D00EB3CAF /* WebKit.framework in Frameworks */,
				43709FDBDEA200DE74ABE604 /* libPods-SimpleApp.a in Frameworks */,
			);
			runOnlyForDeploymentPostprocessing = 0;
		};
/* End PBXFrameworksBuildPhase section */

/* Begin PBXGroup section */
		31B34B8922CB455100136903 /* Model */ = {
			isa = PBXGroup;
			children = (
				31D5E85622CA717D0088C62F /* GTListLoader.h */,
				31D5E85722CA717D0088C62F /* GTListLoader.m */,
				31B34B8B22CB45DC00136903 /* GTListItem.h */,
				31B34B8C22CB45DC00136903 /* GTListItem.m */,
			);
			path = Model;
			sourceTree = "<group>";
		};
		31B34B8A22CB458900136903 /* View */ = {
			isa = PBXGroup;
			children = (
				31D5E84F22C8ED270088C62F /* GTDeleteCellView.h */,
				31D5E85022C8ED270088C62F /* GTDeleteCellView.m */,
				31367093228AB41A00C6E532 /* GTNormalTableViewCell.h */,
				31367094228AB41A00C6E532 /* GTNormalTableViewCell.m */,
			);
			path = View;
			sourceTree = "<group>";
		};
		31BA5A74226E822D00EB3CAF /* Frameworks */ = {
			isa = PBXGroup;
			children = (
				31BA5A75226E822D00EB3CAF /* WebKit.framework */,
				4562647228A15D4C471708D4 /* libPods-SimpleApp.a */,
			);
			name = Frameworks;
			sourceTree = "<group>";
		};
		31BA927822685B870024CF56 = {
			isa = PBXGroup;
			children = (
				31BA928322685B880024CF56 /* SimpleApp */,
				31BA928222685B880024CF56 /* Products */,
				31BA5A74226E822D00EB3CAF /* Frameworks */,
				84C677E6BFD80D38620CC7D6 /* Pods */,
			);
			sourceTree = "<group>";
		};
		31BA928222685B880024CF56 /* Products */ = {
			isa = PBXGroup;
			children = (
				31BA928122685B880024CF56 /* SimpleApp.app */,
			);
			name = Products;
			sourceTree = "<group>";
		};
		31BA928322685B880024CF56 /* SimpleApp */ = {
			isa = PBXGroup;
			children = (
				31D5E85222CA6D3B0088C62F /* NewsController */,
				31BA9367226DE0D60024CF56 /* magazineHtml */,
				31BA928422685B880024CF56 /* AppDelegate.h */,
				31BA928522685B880024CF56 /* AppDelegate.m */,
				31BA9369226DE1E90024CF56 /* WKWebViewController.h */,
				31BA936A226DE1E90024CF56 /* WKWebViewController.m */,
				31BA936B226DE1E90024CF56 /* WKWebViewController.xib */,
				3136708D228A75F900C6E532 /* GTVideoViewController.h */,
				3136708E228A75F900C6E532 /* GTVideoViewController.m */,
				31367090228A933400C6E532 /* GTRecommendViewController.h */,
				31367091228A933400C6E532 /* GTRecommendViewController.m */,
				31BA928D22685B890024CF56 /* Assets.xcassets */,
				31BA928F22685B890024CF56 /* LaunchScreen.storyboard */,
				31BA929222685B890024CF56 /* Info.plist */,
				31BA929322685B890024CF56 /* main.m */,
			);
			path = SimpleApp;
			sourceTree = "<group>";
		};
		31D5E85222CA6D3B0088C62F /* NewsController */ = {
			isa = PBXGroup;
			children = (
				31B34B8A22CB458900136903 /* View */,
				31B34B8922CB455100136903 /* Model */,
				31D5E85422CA6D660088C62F /* Controller */,
				31D5E85322CA6D5E0088C62F /* Detail */,
			);
			path = NewsController;
			sourceTree = "<group>";
		};
		31D5E85322CA6D5E0088C62F /* Detail */ = {
			isa = PBXGroup;
			children = (
				31C10D8A22C84D3C0074623D /* GTDetailViewController.h */,
				31C10D8B22C84D3C0074623D /* GTDetailViewController.m */,
			);
			path = Detail;
			sourceTree = "<group>";
		};
		31D5E85422CA6D660088C62F /* Controller */ = {
			isa = PBXGroup;
			children = (
				31BA928722685B880024CF56 /* GTNewsViewController.h */,
				31BA928822685B880024CF56 /* GTNewsViewController.m */,
			);
			path = Controller;
			sourceTree = "<group>";
		};
		84C677E6BFD80D38620CC7D6 /* Pods */ = {
			isa = PBXGroup;
			children = (
				1098A1FF24CBDAC74774045C /* Pods-SimpleApp.debug.xcconfig */,
				F1FC25B8F8CD4CB7B3FC9837 /* Pods-SimpleApp.release.xcconfig */,
			);
			name = Pods;
			sourceTree = "<group>";
		};
/* End PBXGroup section */

/* Begin PBXNativeTarget section */
		31BA928022685B880024CF56 /* SimpleApp */ = {
			isa = PBXNativeTarget;
			buildConfigurationList = 31BA929722685B890024CF56 /* Build configuration list for PBXNativeTarget "SimpleApp" */;
			buildPhases = (
				6F8137231150A431D68A5DAF /* [CP] Check Pods Manifest.lock */,
				31BA927D22685B880024CF56 /* Sources */,
				31BA927E22685B880024CF56 /* Frameworks */,
				31BA927F22685B880024CF56 /* Resources */,
				A4438C3879B8BD0D58D94FF0 /* [CP] Embed Pods Frameworks */,
				DEA35E3A50C920BD1A658F83 /* [CP] Copy Pods Resources */,
			);
			buildRules = (
			);
			dependencies = (
			);
			name = SimpleApp;
			productName = SimpleApp;
			productReference = 31BA928122685B880024CF56 /* SimpleApp.app */;
			productType = "com.apple.product-type.application";
		};
/* End PBXNativeTarget section */

/* Begin PBXProject section */
		31BA927922685B870024CF56 /* Project object */ = {
			isa = PBXProject;
			attributes = {
				LastUpgradeCheck = 1020;
				ORGANIZATIONNAME = Franky;
				TargetAttributes = {
					31BA928022685B880024CF56 = {
						CreatedOnToolsVersion = 10.2.1;
					};
				};
			};
			buildConfigurationList = 31BA927C22685B870024CF56 /* Build configuration list for PBXProject "SimpleApp" */;
			compatibilityVersion = "Xcode 9.3";
			developmentRegion = en;
			hasScannedForEncodings = 0;
			knownRegions = (
				en,
				Base,
			);
			mainGroup = 31BA927822685B870024CF56;
			productRefGroup = 31BA928222685B880024CF56 /* Products */;
			projectDirPath = "";
			projectRoot = "";
			targets = (
				31BA928022685B880024CF56 /* SimpleApp */,
			);
		};
/* End PBXProject section */

/* Begin PBXResourcesBuildPhase section */
		31BA927F22685B880024CF56 /* Resources */ = {
			isa = PBXResourcesBuildPhase;
			buildActionMask = 2147483647;
			files = (
				31BA936D226DE1E90024CF56 /* WKWebViewController.xib in Resources */,
				31BA929122685B890024CF56 /* LaunchScreen.storyboard in Resources */,
				31BA9368226DE0D60024CF56 /* magazineHtml in Resources */,
				31BA928E22685B890024CF56 /* Assets.xcassets in Resources */,
			);
			runOnlyForDeploymentPostprocessing = 0;
		};
/* End PBXResourcesBuildPhase section */

/* Begin PBXShellScriptBuildPhase section */
		6F8137231150A431D68A5DAF /* [CP] Check Pods Manifest.lock */ = {
			isa = PBXShellScriptBuildPhase;
			buildActionMask = 2147483647;
			files = (
			);
			inputPaths = (
				"${PODS_PODFILE_DIR_PATH}/Podfile.lock",
				"${PODS_ROOT}/Manifest.lock",
			);
			name = "[CP] Check Pods Manifest.lock";
			outputPaths = (
				"$(DERIVED_FILE_DIR)/Pods-SimpleApp-checkManifestLockResult.txt",
			);
			runOnlyForDeploymentPostprocessing = 0;
			shellPath = /bin/sh;
			shellScript = "diff \"${PODS_PODFILE_DIR_PATH}/Podfile.lock\" \"${PODS_ROOT}/Manifest.lock\" > /dev/null\nif [ $? != 0 ] ; then\n    # print error to STDERR\n    echo \"error: The sandbox is not in sync with the Podfile.lock. Run 'pod install' or update your CocoaPods installation.\" >&2\n    exit 1\nfi\n# This output is used by Xcode 'outputs' to avoid re-running this script phase.\necho \"SUCCESS\" > \"${SCRIPT_OUTPUT_FILE_0}\"\n";
			showEnvVarsInLog = 0;
		};
		A4438C3879B8BD0D58D94FF0 /* [CP] Embed Pods Frameworks */ = {
			isa = PBXShellScriptBuildPhase;
			buildActionMask = 2147483647;
			files = (
			);
			inputPaths = (
			);
			name = "[CP] Embed Pods Frameworks";
			outputPaths = (
			);
			runOnlyForDeploymentPostprocessing = 0;
			shellPath = /bin/sh;
			shellScript = "\"${SRCROOT}/Pods/Target Support Files/Pods-SimpleApp/Pods-SimpleApp-frameworks.sh\"\n";
			showEnvVarsInLog = 0;
		};
		DEA35E3A50C920BD1A658F83 /* [CP] Copy Pods Resources */ = {
			isa = PBXShellScriptBuildPhase;
			buildActionMask = 2147483647;
			files = (
			);
			inputPaths = (
			);
			name = "[CP] Copy Pods Resources";
			outputPaths = (
			);
			runOnlyForDeploymentPostprocessing = 0;
			shellPath = /bin/sh;
			shellScript = "\"${SRCROOT}/Pods/Target Support Files/Pods-SimpleApp/Pods-SimpleApp-resources.sh\"\n";
			showEnvVarsInLog = 0;
		};
/* End PBXShellScriptBuildPhase section */

/* Begin PBXSourcesBuildPhase section */
		31BA927D22685B880024CF56 /* Sources */ = {
			isa = PBXSourcesBuildPhase;
			buildActionMask = 2147483647;
			files = (
				31C10D8C22C84D3C0074623D /* GTDetailViewController.m in Sources */,
				31D5E85122C8ED270088C62F /* GTDeleteCellView.m in Sources */,
				31367095228AB41A00C6E532 /* GTNormalTableViewCell.m in Sources */,
				31BA928922685B880024CF56 /* GTNewsViewController.m in Sources */,
				3136708F228A75F900C6E532 /* GTVideoViewController.m in Sources */,
				31D5E85822CA717D0088C62F /* GTListLoader.m in Sources */,
				31B34B8D22CB45DC00136903 /* GTListItem.m in Sources */,
				31367092228A933400C6E532 /* GTRecommendViewController.m in Sources */,
				31BA929422685B890024CF56 /* main.m in Sources */,
				31BA928622685B880024CF56 /* AppDelegate.m in Sources */,
				31BA936C226DE1E90024CF56 /* WKWebViewController.m in Sources */,
			);
			runOnlyForDeploymentPostprocessing = 0;
		};
/* End PBXSourcesBuildPhase section */

/* Begin PBXVariantGroup section */
		31BA928F22685B890024CF56 /* LaunchScreen.storyboard */ = {
			isa = PBXVariantGroup;
			children = (
				31BA929022685B890024CF56 /* Base */,
			);
			name = LaunchScreen.storyboard;
			sourceTree = "<group>";
		};
/* End PBXVariantGroup section */

/* Begin XCBuildConfiguration section */
		31BA929522685B890024CF56 /* Debug */ = {
			isa = XCBuildConfiguration;
			buildSettings = {
				ALWAYS_SEARCH_USER_PATHS = NO;
				CLANG_ANALYZER_NONNULL = YES;
				CLANG_ANALYZER_NUMBER_OBJECT_CONVERSION = YES_AGGRESSIVE;
				CLANG_CXX_LANGUAGE_STANDARD = "gnu++14";
				CLANG_CXX_LIBRARY = "libc++";
				CLANG_ENABLE_MODULES = YES;
				CLANG_ENABLE_OBJC_ARC = YES;
				CLANG_ENABLE_OBJC_WEAK = YES;
				CLANG_WARN_BLOCK_CAPTURE_AUTORELEASING = YES;
				CLANG_WARN_BOOL_CONVERSION = YES;
				CLANG_WARN_COMMA = YES;
				CLANG_WARN_CONSTANT_CONVERSION = YES;
				CLANG_WARN_DEPRECATED_OBJC_IMPLEMENTATIONS = YES;
				CLANG_WARN_DIRECT_OBJC_ISA_USAGE = YES_ERROR;
				CLANG_WARN_DOCUMENTATION_COMMENTS = YES;
				CLANG_WARN_EMPTY_BODY = YES;
				CLANG_WARN_ENUM_CONVERSION = YES;
				CLANG_WARN_INFINITE_RECURSION = YES;
				CLANG_WARN_INT_CONVERSION = YES;
				CLANG_WARN_NON_LITERAL_NULL_CONVERSION = YES;
				CLANG_WARN_OBJC_IMPLICIT_RETAIN_SELF = YES;
				CLANG_WARN_OBJC_LITERAL_CONVERSION = YES;
				CLANG_WARN_OBJC_ROOT_CLASS = YES_ERROR;
				CLANG_WARN_RANGE_LOOP_ANALYSIS = YES;
				CLANG_WARN_STRICT_PROTOTYPES = YES;
				CLANG_WARN_SUSPICIOUS_MOVE = YES;
				CLANG_WARN_UNGUARDED_AVAILABILITY = YES_AGGRESSIVE;
				CLANG_WARN_UNREACHABLE_CODE = YES;
				CLANG_WARN__DUPLICATE_METHOD_MATCH = YES;
				CODE_SIGN_IDENTITY = "iPhone Developer";
				COPY_PHASE_STRIP = NO;
				DEBUG_INFORMATION_FORMAT = dwarf;
				ENABLE_STRICT_OBJC_MSGSEND = YES;
				ENABLE_TESTABILITY = YES;
				GCC_C_LANGUAGE_STANDARD = gnu11;
				GCC_DYNAMIC_NO_PIC = NO;
				GCC_NO_COMMON_BLOCKS = YES;
				GCC_OPTIMIZATION_LEVEL = 0;
				GCC_PREPROCESSOR_DEFINITIONS = (
					"DEBUG=1",
					"$(inherited)",
				);
				GCC_WARN_64_TO_32_BIT_CONVERSION = YES;
				GCC_WARN_ABOUT_RETURN_TYPE = YES_ERROR;
				GCC_WARN_UNDECLARED_SELECTOR = YES;
				GCC_WARN_UNINITIALIZED_AUTOS = YES_AGGRESSIVE;
				GCC_WARN_UNUSED_FUNCTION = YES;
				GCC_WARN_UNUSED_VARIABLE = YES;
				IPHONEOS_DEPLOYMENT_TARGET = 12.2;
				MTL_ENABLE_DEBUG_INFO = INCLUDE_SOURCE;
				MTL_FAST_MATH = YES;
				ONLY_ACTIVE_ARCH = YES;
				SDKROOT = iphoneos;
			};
			name = Debug;
		};
		31BA929622685B890024CF56 /* Release */ = {
			isa = XCBuildConfiguration;
			buildSettings = {
				ALWAYS_SEARCH_USER_PATHS = NO;
				CLANG_ANALYZER_NONNULL = YES;
				CLANG_ANALYZER_NUMBER_OBJECT_CONVERSION = YES_AGGRESSIVE;
				CLANG_CXX_LANGUAGE_STANDARD = "gnu++14";
				CLANG_CXX_LIBRARY = "libc++";
				CLANG_ENABLE_MODULES = YES;
				CLANG_ENABLE_OBJC_ARC = YES;
				CLANG_ENABLE_OBJC_WEAK = YES;
				CLANG_WARN_BLOCK_CAPTURE_AUTORELEASING = YES;
				CLANG_WARN_BOOL_CONVERSION = YES;
				CLANG_WARN_COMMA = YES;
				CLANG_WARN_CONSTANT_CONVERSION = YES;
				CLANG_WARN_DEPRECATED_OBJC_IMPLEMENTATIONS = YES;
				CLANG_WARN_DIRECT_OBJC_ISA_USAGE = YES_ERROR;
				CLANG_WARN_DOCUMENTATION_COMMENTS = YES;
				CLANG_WARN_EMPTY_BODY = YES;
				CLANG_WARN_ENUM_CONVERSION = YES;
				CLANG_WARN_INFINITE_RECURSION = YES;
				CLANG_WARN_INT_CONVERSION = YES;
				CLANG_WARN_NON_LITERAL_NULL_CONVERSION = YES;
				CLANG_WARN_OBJC_IMPLICIT_RETAIN_SELF = YES;
				CLANG_WARN_OBJC_LITERAL_CONVERSION = YES;
				CLANG_WARN_OBJC_ROOT_CLASS = YES_ERROR;
				CLANG_WARN_RANGE_LOOP_ANALYSIS = YES;
				CLANG_WARN_STRICT_PROTOTYPES = YES;
				CLANG_WARN_SUSPICIOUS_MOVE = YES;
				CLANG_WARN_UNGUARDED_AVAILABILITY = YES_AGGRESSIVE;
				CLANG_WARN_UNREACHABLE_CODE = YES;
				CLANG_WARN__DUPLICATE_METHOD_MATCH = YES;
				CODE_SIGN_IDENTITY = "iPhone Developer";
				COPY_PHASE_STRIP = NO;
				DEBUG_INFORMATION_FORMAT = "dwarf-with-dsym";
				ENABLE_NS_ASSERTIONS = NO;
				ENABLE_STRICT_OBJC_MSGSEND = YES;
				GCC_C_LANGUAGE_STANDARD = gnu11;
				GCC_NO_COMMON_BLOCKS = YES;
				GCC_WARN_64_TO_32_BIT_CONVERSION = YES;
				GCC_WARN_ABOUT_RETURN_TYPE = YES_ERROR;
				GCC_WARN_UNDECLARED_SELECTOR = YES;
				GCC_WARN_UNINITIALIZED_AUTOS = YES_AGGRESSIVE;
				GCC_WARN_UNUSED_FUNCTION = YES;
				GCC_WARN_UNUSED_VARIABLE = YES;
				IPHONEOS_DEPLOYMENT_TARGET = 12.2;
				MTL_ENABLE_DEBUG_INFO = NO;
				MTL_FAST_MATH = YES;
				SDKROOT = iphoneos;
				VALIDATE_PRODUCT = YES;
			};
			name = Release;
		};
		31BA929822685B890024CF56 /* Debug */ = {
			isa = XCBuildConfiguration;
			baseConfigurationReference = 1098A1FF24CBDAC74774045C /* Pods-SimpleApp.debug.xcconfig */;
			buildSettings = {
				ASSETCATALOG_COMPILER_APPICON_NAME = AppIcon;
				CODE_SIGN_STYLE = Automatic;
				DEVELOPMENT_TEAM = 423Z88A982;
				INFOPLIST_FILE = SimpleApp/Info.plist;
				LD_RUNPATH_SEARCH_PATHS = (
					"$(inherited)",
					"@executable_path/Frameworks",
				);
				PRODUCT_BUNDLE_IDENTIFIER = cn.com.cngold.SimpleApp;
				PRODUCT_NAME = "$(TARGET_NAME)";
				TARGETED_DEVICE_FAMILY = "1,2";
			};
			name = Debug;
		};
		31BA929922685B890024CF56 /* Release */ = {
			isa = XCBuildConfiguration;
			baseConfigurationReference = F1FC25B8F8CD4CB7B3FC9837 /* Pods-SimpleApp.release.xcconfig */;
			buildSettings = {
				ASSETCATALOG_COMPILER_APPICON_NAME = AppIcon;
				CODE_SIGN_STYLE = Automatic;
				DEVELOPMENT_TEAM = 423Z88A982;
				INFOPLIST_FILE = SimpleApp/Info.plist;
				LD_RUNPATH_SEARCH_PATHS = (
					"$(inherited)",
					"@executable_path/Frameworks",
				);
				PRODUCT_BUNDLE_IDENTIFIER = cn.com.cngold.SimpleApp;
				PRODUCT_NAME = "$(TARGET_NAME)";
				TARGETED_DEVICE_FAMILY = "1,2";
			};
			name = Release;
		};
/* End XCBuildConfiguration section */

/* Begin XCConfigurationList section */
		31BA927C22685B870024CF56 /* Build configuration list for PBXProject "SimpleApp" */ = {
			isa = XCConfigurationList;
			buildConfigurations = (
				31BA929522685B890024CF56 /* Debug */,
				31BA929622685B890024CF56 /* Release */,
			);
			defaultConfigurationIsVisible = 0;
			defaultConfigurationName = Release;
		};
		31BA929722685B890024CF56 /* Build configuration list for PBXNativeTarget "SimpleApp" */ = {
			isa = XCConfigurationList;
			buildConfigurations = (
				31BA929822685B890024CF56 /* Debug */,
				31BA929922685B890024CF56 /* Release */,
			);
			defaultConfigurationIsVisible = 0;
			defaultConfigurationName = Release;
		};
/* End XCConfigurationList section */
	};
	rootObject = 31BA927922685B870024CF56 /* Project object */;
}
